
Microsoft Visual Studio Solution File, Format Version 12.00
# Visual Studio Version 17
VisualStudioVersion = 17.4.33213.308
MinimumVisualStudioVersion = 10.0.40219.1
Project("{9A19103F-16F7-4668-BE54-9A1E7A4F7556}") = "CostumerAPI", "CostumerAPI\CostumerAPI.csproj", "{3754FA00-0313-45BA-98F7-119D1A061537}"
EndProject
Project("{9A19103F-16F7-4668-BE54-9A1E7A4F7556}") = "KeyAPI", "ChaveAPI\KeyAPI.csproj", "{8305BFFA-85A1-48F0-B328-22B94F7F0C41}"
EndProject
Project("{9A19103F-16F7-4668-BE54-9A1E7A4F7556}") = "LoginAPI", "AuthenticationAPI\LoginAPI.csproj", "{051F2CC2-3CF5-406B-86E3-FB5B000FF01A}"
EndProject
Project("{9A19103F-16F7-4668-BE54-9A1E7A4F7556}") = "xUnitTestProject", "AuthenticationAPITest\xUnitTestProject.csproj", "{D583E2D5-1052-48F4-8B19-B5B72C7A0F47}"
EndProject
Project("{FAE04EC0-301F-11D3-BF4B-00C04F79EFBC}") = "RabbitMQService", "RabbitMQService\RabbitMQService.csproj", "{67670A10-3423-4479-A752-C77804AB6317}"
EndProject
Global
	GlobalSection(SolutionConfigurationPlatforms) = preSolution
		Debug|Any CPU = Debug|Any CPU
		Release|Any CPU = Release|Any CPU
	EndGlobalSection
	GlobalSection(ProjectConfigurationPlatforms) = postSolution
		{3754FA00-0313-45BA-98F7-119D1A061537}.Debug|Any CPU.ActiveCfg = Debug|Any CPU
		{3754FA00-0313-45BA-98F7-119D1A061537}.Debug|Any CPU.Build.0 = Debug|Any CPU
		{3754FA00-0313-45BA-98F7-119D1A061537}.Release|Any CPU.ActiveCfg = Release|Any CPU
		{3754FA00-0313-45BA-98F7-119D1A061537}.Release|Any CPU.Build.0 = Release|Any CPU
		{8305BFFA-85A1-48F0-B328-22B94F7F0C41}.Debug|Any CPU.ActiveCfg = Debug|Any CPU
		{8305BFFA-85A1-48F0-B328-22B94F7F0C41}.Debug|Any CPU.Build.0 = Debug|Any CPU
		{8305BFFA-85A1-48F0-B328-22B94F7F0C41}.Release|Any CPU.ActiveCfg = Release|Any CPU
		{8305BFFA-85A1-48F0-B328-22B94F7F0C41}.Release|Any CPU.Build.0 = Release|Any CPU
		{051F2CC2-3CF5-406B-86E3-FB5B000FF01A}.Debug|Any CPU.ActiveCfg = Debug|Any CPU
		{051F2CC2-3CF5-406B-86E3-FB5B000FF01A}.Debug|Any CPU.Build.0 = Debug|Any CPU
		{051F2CC2-3CF5-406B-86E3-FB5B000FF01A}.Release|Any CPU.ActiveCfg = Release|Any CPU
		{051F2CC2-3CF5-406B-86E3-FB5B000FF01A}.Release|Any CPU.Build.0 = Release|Any CPU
		{D583E2D5-1052-48F4-8B19-B5B72C7A0F47}.Debug|Any CPU.ActiveCfg = Debug|Any CPU
		{D583E2D5-1052-48F4-8B19-B5B72C7A0F47}.Debug|Any CPU.Build.0 = Debug|Any CPU
		{D583E2D5-1052-48F4-8B19-B5B72C7A0F47}.Release|Any CPU.ActiveCfg = Release|Any CPU
		{D583E2D5-1052-48F4-8B19-B5B72C7A0F47}.Release|Any CPU.Build.0 = Release|Any CPU
		{67670A10-3423-4479-A752-C77804AB6317}.Debug|Any CPU.ActiveCfg = Debug|Any CPU
		{67670A10-3423-4479-A752-C77804AB6317}.Debug|Any CPU.Build.0 = Debug|Any CPU
		{67670A10-3423-4479-A752-C77804AB6317}.Release|Any CPU.ActiveCfg = Release|Any CPU
		{67670A10-3423-4479-A752-C77804AB6317}.Release|Any CPU.Build.0 = Release|Any CPU
	EndGlobalSection
	GlobalSection(SolutionProperties) = preSolution
		HideSolutionNode = FALSE
	EndGlobalSection
	GlobalSection(ExtensibilityGlobals) = postSolution
		SolutionGuid = {A9D63745-0E04-4A2B-A6AD-0EA8DC628EB2}
	EndGlobalSection
EndGlobal
